// !$*UTF8*$!
{
	archiveVersion = 1;
	classes = {
	};
	objectVersion = 50;
	objects = {

/* Begin PBXBuildFile section */
		2B35916F25233202006848F2 /* AppDelegate.swift in Sources */ = {isa = PBXBuildFile; fileRef = 2B35916E25233202006848F2 /* AppDelegate.swift */; };
		2B35917125233202006848F2 /* SceneDelegate.swift in Sources */ = {isa = PBXBuildFile; fileRef = 2B35917025233202006848F2 /* SceneDelegate.swift */; };
		2B35917325233202006848F2 /* MainViewController.swift in Sources */ = {isa = PBXBuildFile; fileRef = 2B35917225233202006848F2 /* MainViewController.swift */; };
		2B35917625233202006848F2 /* Main.storyboard in Resources */ = {isa = PBXBuildFile; fileRef = 2B35917425233202006848F2 /* Main.storyboard */; };
		2B35917825233203006848F2 /* Assets.xcassets in Resources */ = {isa = PBXBuildFile; fileRef = 2B35917725233203006848F2 /* Assets.xcassets */; };
		2B35917B25233203006848F2 /* LaunchScreen.storyboard in Resources */ = {isa = PBXBuildFile; fileRef = 2B35917925233203006848F2 /* LaunchScreen.storyboard */; };
		2B3591AD25233F8A006848F2 /* ArticleTableViewCell.swift in Sources */ = {isa = PBXBuildFile; fileRef = 2B3591AB25233F8A006848F2 /* ArticleTableViewCell.swift */; };
		2B3591AE25233F8A006848F2 /* ArticleTableViewCell.xib in Resources */ = {isa = PBXBuildFile; fileRef = 2B3591AC25233F8A006848F2 /* ArticleTableViewCell.xib */; };
		2B3591B125237E78006848F2 /* ArticlesContainer.swift in Sources */ = {isa = PBXBuildFile; fileRef = 2B3591B025237E78006848F2 /* ArticlesContainer.swift */; };
		2B3591B425238EF5006848F2 /* EndPoints.swift in Sources */ = {isa = PBXBuildFile; fileRef = 2B3591B325238EF5006848F2 /* EndPoints.swift */; };
		2B3591B825239293006848F2 /* ArticlesResource.swift in Sources */ = {isa = PBXBuildFile; fileRef = 2B3591B725239293006848F2 /* ArticlesResource.swift */; };
		2B3591BA252395AD006848F2 /* ArticlesViewController.swift in Sources */ = {isa = PBXBuildFile; fileRef = 2B3591B9252395AD006848F2 /* ArticlesViewController.swift */; };
		2B3591C22523DFFD006848F2 /* DownloadImageHandler.swift in Sources */ = {isa = PBXBuildFile; fileRef = 2B3591C12523DFFD006848F2 /* DownloadImageHandler.swift */; };
		2B3591C525247EAA006848F2 /* Date+Extension.swift in Sources */ = {isa = PBXBuildFile; fileRef = 2B3591C425247EAA006848F2 /* Date+Extension.swift */; };
		2B3591C72524A44E006848F2 /* UIColor+Extentions.swift in Sources */ = {isa = PBXBuildFile; fileRef = 2B3591C62524A44E006848F2 /* UIColor+Extentions.swift */; };
		2B3591C92524A45D006848F2 /* UIFont+Extentions.swift in Sources */ = {isa = PBXBuildFile; fileRef = 2B3591C82524A45D006848F2 /* UIFont+Extentions.swift */; };
		2B3591CB2524B6BD006848F2 /* UIImage+Extensions.swift in Sources */ = {isa = PBXBuildFile; fileRef = 2B3591CA2524B6BD006848F2 /* UIImage+Extensions.swift */; };
		2B3FB5C8252721D1008BBDFF /* Resource.swift in Sources */ = {isa = PBXBuildFile; fileRef = 2B3FB5C7252721D1008BBDFF /* Resource.swift */; };
		2B3FB5CB2527255D008BBDFF /* NetworkRequest.swift in Sources */ = {isa = PBXBuildFile; fileRef = 2B3FB5CA2527255D008BBDFF /* NetworkRequest.swift */; };
		2B876BE0252E39BE00AABC35 /* ArticleViewModel.swift in Sources */ = {isa = PBXBuildFile; fileRef = 2B876BDF252E39BE00AABC35 /* ArticleViewModel.swift */; };
		2B876BE2252F142400AABC35 /* DateFormatter+Extentions.swift in Sources */ = {isa = PBXBuildFile; fileRef = 2B876BE1252F142400AABC35 /* DateFormatter+Extentions.swift */; };
		2B876BE5252F880A00AABC35 /* ImageCacheLoader.swift in Sources */ = {isa = PBXBuildFile; fileRef = 2B876BE4252F880A00AABC35 /* ImageCacheLoader.swift */; };
		2B9E67D525250DFF00A2FBF1 /* NetworkServiceError.swift in Sources */ = {isa = PBXBuildFile; fileRef = 2B9E67D425250DFF00A2FBF1 /* NetworkServiceError.swift */; };
		2B9E67D725250E2A00A2FBF1 /* NetworkResponse.swift in Sources */ = {isa = PBXBuildFile; fileRef = 2B9E67D625250E2A00A2FBF1 /* NetworkResponse.swift */; };
		2B9E67ED2525C26500A2FBF1 /* CultureTripTests.swift in Sources */ = {isa = PBXBuildFile; fileRef = 2B9E67EC2525C26500A2FBF1 /* CultureTripTests.swift */; };
		2BF16C8C252B94730023F7FF /* ArticleFieldsDelegate.swift in Sources */ = {isa = PBXBuildFile; fileRef = 2BF16C8B252B94730023F7FF /* ArticleFieldsDelegate.swift */; };
/* End PBXBuildFile section */

/* Begin PBXContainerItemProxy section */
		2B9E67EF2525C26500A2FBF1 /* PBXContainerItemProxy */ = {
			isa = PBXContainerItemProxy;
			containerPortal = 2B35916325233202006848F2 /* Project object */;
			proxyType = 1;
			remoteGlobalIDString = 2B35916A25233202006848F2;
			remoteInfo = CultureTrip;
		};
/* End PBXContainerItemProxy section */

/* Begin PBXFileReference section */
		2B35916B25233202006848F2 /* CultureTrip.app */ = {isa = PBXFileReference; explicitFileType = wrapper.application; includeInIndex = 0; path = CultureTrip.app; sourceTree = BUILT_PRODUCTS_DIR; };
		2B35916E25233202006848F2 /* AppDelegate.swift */ = {isa = PBXFileReference; lastKnownFileType = sourcecode.swift; path = AppDelegate.swift; sourceTree = "<group>"; };
		2B35917025233202006848F2 /* SceneDelegate.swift */ = {isa = PBXFileReference; lastKnownFileType = sourcecode.swift; path = SceneDelegate.swift; sourceTree = "<group>"; };
		2B35917225233202006848F2 /* MainViewController.swift */ = {isa = PBXFileReference; lastKnownFileType = sourcecode.swift; path = MainViewController.swift; sourceTree = "<group>"; };
		2B35917525233202006848F2 /* Base */ = {isa = PBXFileReference; lastKnownFileType = file.storyboard; name = Base; path = Base.lproj/Main.storyboard; sourceTree = "<group>"; };
		2B35917725233203006848F2 /* Assets.xcassets */ = {isa = PBXFileReference; lastKnownFileType = folder.assetcatalog; path = Assets.xcassets; sourceTree = "<group>"; };
		2B35917A25233203006848F2 /* Base */ = {isa = PBXFileReference; lastKnownFileType = file.storyboard; name = Base; path = Base.lproj/LaunchScreen.storyboard; sourceTree = "<group>"; };
		2B35917C25233203006848F2 /* Info.plist */ = {isa = PBXFileReference; lastKnownFileType = text.plist.xml; path = Info.plist; sourceTree = "<group>"; };
		2B3591AB25233F8A006848F2 /* ArticleTableViewCell.swift */ = {isa = PBXFileReference; lastKnownFileType = sourcecode.swift; path = ArticleTableViewCell.swift; sourceTree = "<group>"; };
		2B3591AC25233F8A006848F2 /* ArticleTableViewCell.xib */ = {isa = PBXFileReference; lastKnownFileType = file.xib; path = ArticleTableViewCell.xib; sourceTree = "<group>"; };
		2B3591B025237E78006848F2 /* ArticlesContainer.swift */ = {isa = PBXFileReference; lastKnownFileType = sourcecode.swift; path = ArticlesContainer.swift; sourceTree = "<group>"; };
		2B3591B325238EF5006848F2 /* EndPoints.swift */ = {isa = PBXFileReference; lastKnownFileType = sourcecode.swift; path = EndPoints.swift; sourceTree = "<group>"; };
		2B3591B725239293006848F2 /* ArticlesResource.swift */ = {isa = PBXFileReference; lastKnownFileType = sourcecode.swift; path = ArticlesResource.swift; sourceTree = "<group>"; };
		2B3591B9252395AD006848F2 /* ArticlesViewController.swift */ = {isa = PBXFileReference; fileEncoding = 4; lastKnownFileType = sourcecode.swift; path = ArticlesViewController.swift; sourceTree = "<group>"; };
		2B3591C12523DFFD006848F2 /* DownloadImageHandler.swift */ = {isa = PBXFileReference; lastKnownFileType = sourcecode.swift; path = DownloadImageHandler.swift; sourceTree = "<group>"; };
		2B3591C425247EAA006848F2 /* Date+Extension.swift */ = {isa = PBXFileReference; lastKnownFileType = sourcecode.swift; path = "Date+Extension.swift"; sourceTree = "<group>"; };
		2B3591C62524A44E006848F2 /* UIColor+Extentions.swift */ = {isa = PBXFileReference; lastKnownFileType = sourcecode.swift; path = "UIColor+Extentions.swift"; sourceTree = "<group>"; };
		2B3591C82524A45D006848F2 /* UIFont+Extentions.swift */ = {isa = PBXFileReference; lastKnownFileType = sourcecode.swift; path = "UIFont+Extentions.swift"; sourceTree = "<group>"; };
		2B3591CA2524B6BD006848F2 /* UIImage+Extensions.swift */ = {isa = PBXFileReference; lastKnownFileType = sourcecode.swift; path = "UIImage+Extensions.swift"; sourceTree = "<group>"; };
		2B3FB5C7252721D1008BBDFF /* Resource.swift */ = {isa = PBXFileReference; lastKnownFileType = sourcecode.swift; path = Resource.swift; sourceTree = "<group>"; };
		2B3FB5CA2527255D008BBDFF /* NetworkRequest.swift */ = {isa = PBXFileReference; lastKnownFileType = sourcecode.swift; path = NetworkRequest.swift; sourceTree = "<group>"; };
		2B876BDF252E39BE00AABC35 /* ArticleViewModel.swift */ = {isa = PBXFileReference; lastKnownFileType = sourcecode.swift; path = ArticleViewModel.swift; sourceTree = "<group>"; };
		2B876BE1252F142400AABC35 /* DateFormatter+Extentions.swift */ = {isa = PBXFileReference; lastKnownFileType = sourcecode.swift; path = "DateFormatter+Extentions.swift"; sourceTree = "<group>"; };
		2B876BE4252F880A00AABC35 /* ImageCacheLoader.swift */ = {isa = PBXFileReference; lastKnownFileType = sourcecode.swift; path = ImageCacheLoader.swift; sourceTree = "<group>"; };
		2B9E67D425250DFF00A2FBF1 /* NetworkServiceError.swift */ = {isa = PBXFileReference; lastKnownFileType = sourcecode.swift; path = NetworkServiceError.swift; sourceTree = "<group>"; };
		2B9E67D625250E2A00A2FBF1 /* NetworkResponse.swift */ = {isa = PBXFileReference; lastKnownFileType = sourcecode.swift; path = NetworkResponse.swift; sourceTree = "<group>"; };
		2B9E67EA2525C26500A2FBF1 /* CultureTripTests.xctest */ = {isa = PBXFileReference; explicitFileType = wrapper.cfbundle; includeInIndex = 0; path = CultureTripTests.xctest; sourceTree = BUILT_PRODUCTS_DIR; };
		2B9E67EC2525C26500A2FBF1 /* CultureTripTests.swift */ = {isa = PBXFileReference; lastKnownFileType = sourcecode.swift; path = CultureTripTests.swift; sourceTree = "<group>"; };
		2B9E67EE2525C26500A2FBF1 /* Info.plist */ = {isa = PBXFileReference; lastKnownFileType = text.plist.xml; path = Info.plist; sourceTree = "<group>"; };
		2BF16C8B252B94730023F7FF /* ArticleFieldsDelegate.swift */ = {isa = PBXFileReference; lastKnownFileType = sourcecode.swift; path = ArticleFieldsDelegate.swift; sourceTree = "<group>"; };
/* End PBXFileReference section */

/* Begin PBXFrameworksBuildPhase section */
		2B35916825233202006848F2 /* Frameworks */ = {
			isa = PBXFrameworksBuildPhase;
			buildActionMask = 2147483647;
			files = (
			);
			runOnlyForDeploymentPostprocessing = 0;
		};
		2B9E67E72525C26500A2FBF1 /* Frameworks */ = {
			isa = PBXFrameworksBuildPhase;
			buildActionMask = 2147483647;
			files = (
			);
			runOnlyForDeploymentPostprocessing = 0;
		};
/* End PBXFrameworksBuildPhase section */

/* Begin PBXGroup section */
		2B35916225233202006848F2 = {
			isa = PBXGroup;
			children = (
				2B35916D25233202006848F2 /* CultureTrip */,
				2B9E67EB2525C26500A2FBF1 /* CultureTripTests */,
				2B35916C25233202006848F2 /* Products */,
			);
			sourceTree = "<group>";
		};
		2B35916C25233202006848F2 /* Products */ = {
			isa = PBXGroup;
			children = (
				2B35916B25233202006848F2 /* CultureTrip.app */,
				2B9E67EA2525C26500A2FBF1 /* CultureTripTests.xctest */,
			);
			name = Products;
			sourceTree = "<group>";
		};
		2B35916D25233202006848F2 /* CultureTrip */ = {
			isa = PBXGroup;
			children = (
				2B3591C325247E82006848F2 /* Exeptions */,
				2B3591B225238D81006848F2 /* Networking */,
				2B3591AF252340D4006848F2 /* StoryBoards */,
				2B3591AA25233F2F006848F2 /* Views */,
				2B3591A925233F1E006848F2 /* Models */,
				2B3591A825233F08006848F2 /* Controllers */,
				2B35916E25233202006848F2 /* AppDelegate.swift */,
				2B35917025233202006848F2 /* SceneDelegate.swift */,
				2B35917725233203006848F2 /* Assets.xcassets */,
				2B35917925233203006848F2 /* LaunchScreen.storyboard */,
				2B35917C25233203006848F2 /* Info.plist */,
			);
			path = CultureTrip;
			sourceTree = "<group>";
		};
		2B3591A825233F08006848F2 /* Controllers */ = {
			isa = PBXGroup;
			children = (
				2B3591B9252395AD006848F2 /* ArticlesViewController.swift */,
				2B35917225233202006848F2 /* MainViewController.swift */,
			);
			path = Controllers;
			sourceTree = "<group>";
		};
		2B3591A925233F1E006848F2 /* Models */ = {
			isa = PBXGroup;
			children = (
				2B3591B025237E78006848F2 /* ArticlesContainer.swift */,
			);
			path = Models;
			sourceTree = "<group>";
		};
		2B3591AA25233F2F006848F2 /* Views */ = {
			isa = PBXGroup;
			children = (
				2B3591AB25233F8A006848F2 /* ArticleTableViewCell.swift */,
				2B3591AC25233F8A006848F2 /* ArticleTableViewCell.xib */,
				2BF16C8B252B94730023F7FF /* ArticleFieldsDelegate.swift */,
				2B876BDF252E39BE00AABC35 /* ArticleViewModel.swift */,
			);
			path = Views;
			sourceTree = "<group>";
		};
		2B3591AF252340D4006848F2 /* StoryBoards */ = {
			isa = PBXGroup;
			children = (
				2B35917425233202006848F2 /* Main.storyboard */,
			);
			path = StoryBoards;
			sourceTree = "<group>";
		};
		2B3591B225238D81006848F2 /* Networking */ = {
			isa = PBXGroup;
			children = (
				2B3FB5D225273AAF008BBDFF /* CustomResources */,
				2B3591B325238EF5006848F2 /* EndPoints.swift */,
				2B9E67D625250E2A00A2FBF1 /* NetworkResponse.swift */,
				2B3FB5C7252721D1008BBDFF /* Resource.swift */,
				2B3FB5CA2527255D008BBDFF /* NetworkRequest.swift */,
				2B3591C12523DFFD006848F2 /* DownloadImageHandler.swift */,
				2B9E67D425250DFF00A2FBF1 /* NetworkServiceError.swift */,
				2B876BE4252F880A00AABC35 /* ImageCacheLoader.swift */,
			);
			path = Networking;
			sourceTree = "<group>";
		};
		2B3591C325247E82006848F2 /* Exeptions */ = {
			isa = PBXGroup;
			children = (
				2B3591C425247EAA006848F2 /* Date+Extension.swift */,
				2B3591C62524A44E006848F2 /* UIColor+Extentions.swift */,
				2B3591C82524A45D006848F2 /* UIFont+Extentions.swift */,
				2B3591CA2524B6BD006848F2 /* UIImage+Extensions.swift */,
				2B876BE1252F142400AABC35 /* DateFormatter+Extentions.swift */,
			);
			path = Exeptions;
			sourceTree = "<group>";
		};
		2B3FB5D225273AAF008BBDFF /* CustomResources */ = {
			isa = PBXGroup;
			children = (
				2B3591B725239293006848F2 /* ArticlesResource.swift */,
			);
			path = CustomResources;
			sourceTree = "<group>";
		};
		2B9E67EB2525C26500A2FBF1 /* CultureTripTests */ = {
			isa = PBXGroup;
			children = (
				2B9E67EC2525C26500A2FBF1 /* CultureTripTests.swift */,
				2B9E67EE2525C26500A2FBF1 /* Info.plist */,
			);
			path = CultureTripTests;
			sourceTree = "<group>";
		};
/* End PBXGroup section */

/* Begin PBXNativeTarget section */
		2B35916A25233202006848F2 /* CultureTrip */ = {
			isa = PBXNativeTarget;
			buildConfigurationList = 2B35919525233203006848F2 /* Build configuration list for PBXNativeTarget "CultureTrip" */;
			buildPhases = (
				2B35916725233202006848F2 /* Sources */,
				2B35916825233202006848F2 /* Frameworks */,
				2B35916925233202006848F2 /* Resources */,
			);
			buildRules = (
			);
			dependencies = (
			);
			name = CultureTrip;
			productName = cultureTrip;
			productReference = 2B35916B25233202006848F2 /* CultureTrip.app */;
			productType = "com.apple.product-type.application";
		};
		2B9E67E92525C26500A2FBF1 /* CultureTripTests */ = {
			isa = PBXNativeTarget;
			buildConfigurationList = 2B9E67F12525C26500A2FBF1 /* Build configuration list for PBXNativeTarget "CultureTripTests" */;
			buildPhases = (
				2B9E67E62525C26500A2FBF1 /* Sources */,
				2B9E67E72525C26500A2FBF1 /* Frameworks */,
				2B9E67E82525C26500A2FBF1 /* Resources */,
			);
			buildRules = (
			);
			dependencies = (
				2B9E67F02525C26500A2FBF1 /* PBXTargetDependency */,
			);
			name = CultureTripTests;
			productName = CultureTripTests;
			productReference = 2B9E67EA2525C26500A2FBF1 /* CultureTripTests.xctest */;
			productType = "com.apple.product-type.bundle.unit-test";
		};
/* End PBXNativeTarget section */

/* Begin PBXProject section */
		2B35916325233202006848F2 /* Project object */ = {
			isa = PBXProject;
			attributes = {
				LastSwiftUpdateCheck = 1130;
				LastUpgradeCheck = 1130;
				ORGANIZATIONNAME = "Tanya Berezovsky";
				TargetAttributes = {
					2B35916A25233202006848F2 = {
						CreatedOnToolsVersion = 11.3;
					};
					2B9E67E92525C26500A2FBF1 = {
						CreatedOnToolsVersion = 11.3;
						TestTargetID = 2B35916A25233202006848F2;
					};
				};
			};
			buildConfigurationList = 2B35916625233202006848F2 /* Build configuration list for PBXProject "CultureTrip" */;
			compatibilityVersion = "Xcode 9.3";
			developmentRegion = en;
			hasScannedForEncodings = 0;
			knownRegions = (
				en,
				Base,
			);
			mainGroup = 2B35916225233202006848F2;
			productRefGroup = 2B35916C25233202006848F2 /* Products */;
			projectDirPath = "";
			projectRoot = "";
			targets = (
				2B35916A25233202006848F2 /* CultureTrip */,
				2B9E67E92525C26500A2FBF1 /* CultureTripTests */,
			);
		};
/* End PBXProject section */

/* Begin PBXResourcesBuildPhase section */
		2B35916925233202006848F2 /* Resources */ = {
			isa = PBXResourcesBuildPhase;
			buildActionMask = 2147483647;
			files = (
				2B3591AE25233F8A006848F2 /* ArticleTableViewCell.xib in Resources */,
				2B35917B25233203006848F2 /* LaunchScreen.storyboard in Resources */,
				2B35917825233203006848F2 /* Assets.xcassets in Resources */,
				2B35917625233202006848F2 /* Main.storyboard in Resources */,
			);
			runOnlyForDeploymentPostprocessing = 0;
		};
		2B9E67E82525C26500A2FBF1 /* Resources */ = {
			isa = PBXResourcesBuildPhase;
			buildActionMask = 2147483647;
			files = (
			);
			runOnlyForDeploymentPostprocessing = 0;
		};
/* End PBXResourcesBuildPhase section */

/* Begin PBXSourcesBuildPhase section */
		2B35916725233202006848F2 /* Sources */ = {
			isa = PBXSourcesBuildPhase;
			buildActionMask = 2147483647;
			files = (
				2B3591B825239293006848F2 /* ArticlesResource.swift in Sources */,
				2B3591AD25233F8A006848F2 /* ArticleTableViewCell.swift in Sources */,
				2B876BE0252E39BE00AABC35 /* ArticleViewModel.swift in Sources */,
				2B3591C525247EAA006848F2 /* Date+Extension.swift in Sources */,
				2B3591C22523DFFD006848F2 /* DownloadImageHandler.swift in Sources */,
				2BF16C8C252B94730023F7FF /* ArticleFieldsDelegate.swift in Sources */,
				2B3591BA252395AD006848F2 /* ArticlesViewController.swift in Sources */,
				2B876BE2252F142400AABC35 /* DateFormatter+Extentions.swift in Sources */,
				2B3591B125237E78006848F2 /* ArticlesContainer.swift in Sources */,
				2B35917325233202006848F2 /* MainViewController.swift in Sources */,
				2B3FB5C8252721D1008BBDFF /* Resource.swift in Sources */,
				2B3FB5CB2527255D008BBDFF /* NetworkRequest.swift in Sources */,
				2B876BE5252F880A00AABC35 /* ImageCacheLoader.swift in Sources */,
				2B9E67D525250DFF00A2FBF1 /* NetworkServiceError.swift in Sources */,
				2B35916F25233202006848F2 /* AppDelegate.swift in Sources */,
				2B3591B425238EF5006848F2 /* EndPoints.swift in Sources */,
				2B9E67D725250E2A00A2FBF1 /* NetworkResponse.swift in Sources */,
				2B3591C92524A45D006848F2 /* UIFont+Extentions.swift in Sources */,
				2B3591CB2524B6BD006848F2 /* UIImage+Extensions.swift in Sources */,
				2B3591C72524A44E006848F2 /* UIColor+Extentions.swift in Sources */,
				2B35917125233202006848F2 /* SceneDelegate.swift in Sources */,
			);
			runOnlyForDeploymentPostprocessing = 0;
		};
		2B9E67E62525C26500A2FBF1 /* Sources */ = {
			isa = PBXSourcesBuildPhase;
			buildActionMask = 2147483647;
			files = (
				2B9E67ED2525C26500A2FBF1 /* CultureTripTests.swift in Sources */,
			);
			runOnlyForDeploymentPostprocessing = 0;
		};
/* End PBXSourcesBuildPhase section */

/* Begin PBXTargetDependency section */
		2B9E67F02525C26500A2FBF1 /* PBXTargetDependency */ = {
			isa = PBXTargetDependency;
			target = 2B35916A25233202006848F2 /* CultureTrip */;
			targetProxy = 2B9E67EF2525C26500A2FBF1 /* PBXContainerItemProxy */;
		};
/* End PBXTargetDependency section */

/* Begin PBXVariantGroup section */
		2B35917425233202006848F2 /* Main.storyboard */ = {
			isa = PBXVariantGroup;
			children = (
				2B35917525233202006848F2 /* Base */,
			);
			name = Main.storyboard;
			sourceTree = "<group>";
		};
		2B35917925233203006848F2 /* LaunchScreen.storyboard */ = {
			isa = PBXVariantGroup;
			children = (
				2B35917A25233203006848F2 /* Base */,
			);
			name = LaunchScreen.storyboard;
			sourceTree = "<group>";
		};
/* End PBXVariantGroup section */

/* Begin XCBuildConfiguration section */
		2B35919325233203006848F2 /* Debug */ = {
			isa = XCBuildConfiguration;
			buildSettings = {
				ALWAYS_SEARCH_USER_PATHS = NO;
				CLANG_ANALYZER_NONNULL = YES;
				CLANG_ANALYZER_NUMBER_OBJECT_CONVERSION = YES_AGGRESSIVE;
				CLANG_CXX_LANGUAGE_STANDARD = "gnu++14";
				CLANG_CXX_LIBRARY = "libc++";
				CLANG_ENABLE_MODULES = YES;
				CLANG_ENABLE_OBJC_ARC = YES;
				CLANG_ENABLE_OBJC_WEAK = YES;
				CLANG_WARN_BLOCK_CAPTURE_AUTORELEASING = YES;
				CLANG_WARN_BOOL_CONVERSION = YES;
				CLANG_WARN_COMMA = YES;
				CLANG_WARN_CONSTANT_CONVERSION = YES;
				CLANG_WARN_DEPRECATED_OBJC_IMPLEMENTATIONS = YES;
				CLANG_WARN_DIRECT_OBJC_ISA_USAGE = YES_ERROR;
				CLANG_WARN_DOCUMENTATION_COMMENTS = YES;
				CLANG_WARN_EMPTY_BODY = YES;
				CLANG_WARN_ENUM_CONVERSION = YES;
				CLANG_WARN_INFINITE_RECURSION = YES;
				CLANG_WARN_INT_CONVERSION = YES;
				CLANG_WARN_NON_LITERAL_NULL_CONVERSION = YES;
				CLANG_WARN_OBJC_IMPLICIT_RETAIN_SELF = YES;
				CLANG_WARN_OBJC_LITERAL_CONVERSION = YES;
				CLANG_WARN_OBJC_ROOT_CLASS = YES_ERROR;
				CLANG_WARN_RANGE_LOOP_ANALYSIS = YES;
				CLANG_WARN_STRICT_PROTOTYPES = YES;
				CLANG_WARN_SUSPICIOUS_MOVE = YES;
				CLANG_WARN_UNGUARDED_AVAILABILITY = YES_AGGRESSIVE;
				CLANG_WARN_UNREACHABLE_CODE = YES;
				CLANG_WARN__DUPLICATE_METHOD_MATCH = YES;
				COPY_PHASE_STRIP = NO;
				DEBUG_INFORMATION_FORMAT = dwarf;
				ENABLE_STRICT_OBJC_MSGSEND = YES;
				ENABLE_TESTABILITY = YES;
				GCC_C_LANGUAGE_STANDARD = gnu11;
				GCC_DYNAMIC_NO_PIC = NO;
				GCC_NO_COMMON_BLOCKS = YES;
				GCC_OPTIMIZATION_LEVEL = 0;
				GCC_PREPROCESSOR_DEFINITIONS = (
					"DEBUG=1",
					"$(inherited)",
				);
				GCC_WARN_64_TO_32_BIT_CONVERSION = YES;
				GCC_WARN_ABOUT_RETURN_TYPE = YES_ERROR;
				GCC_WARN_UNDECLARED_SELECTOR = YES;
				GCC_WARN_UNINITIALIZED_AUTOS = YES_AGGRESSIVE;
				GCC_WARN_UNUSED_FUNCTION = YES;
				GCC_WARN_UNUSED_VARIABLE = YES;
				IPHONEOS_DEPLOYMENT_TARGET = 13.2;
				MTL_ENABLE_DEBUG_INFO = INCLUDE_SOURCE;
				MTL_FAST_MATH = YES;
				ONLY_ACTIVE_ARCH = YES;
				SDKROOT = iphoneos;
				SWIFT_ACTIVE_COMPILATION_CONDITIONS = DEBUG;
				SWIFT_OPTIMIZATION_LEVEL = "-Onone";
			};
			name = Debug;
		};
		2B35919425233203006848F2 /* Release */ = {
			isa = XCBuildConfiguration;
			buildSettings = {
				ALWAYS_SEARCH_USER_PATHS = NO;
				CLANG_ANALYZER_NONNULL = YES;
				CLANG_ANALYZER_NUMBER_OBJECT_CONVERSION = YES_AGGRESSIVE;
				CLANG_CXX_LANGUAGE_STANDARD = "gnu++14";
				CLANG_CXX_LIBRARY = "libc++";
				CLANG_ENABLE_MODULES = YES;
				CLANG_ENABLE_OBJC_ARC = YES;
				CLANG_ENABLE_OBJC_WEAK = YES;
				CLANG_WARN_BLOCK_CAPTURE_AUTORELEASING = YES;
				CLANG_WARN_BOOL_CONVERSION = YES;
				CLANG_WARN_COMMA = YES;
				CLANG_WARN_CONSTANT_CONVERSION = YES;
				CLANG_WARN_DEPRECATED_OBJC_IMPLEMENTATIONS = YES;
				CLANG_WARN_DIRECT_OBJC_ISA_USAGE = YES_ERROR;
				CLANG_WARN_DOCUMENTATION_COMMENTS = YES;
				CLANG_WARN_EMPTY_BODY = YES;
				CLANG_WARN_ENUM_CONVERSION = YES;
				CLANG_WARN_INFINITE_RECURSION = YES;
				CLANG_WARN_INT_CONVERSION = YES;
				CLANG_WARN_NON_LITERAL_NULL_CONVERSION = YES;
				CLANG_WARN_OBJC_IMPLICIT_RETAIN_SELF = YES;
				CLANG_WARN_OBJC_LITERAL_CONVERSION = YES;
				CLANG_WARN_OBJC_ROOT_CLASS = YES_ERROR;
				CLANG_WARN_RANGE_LOOP_ANALYSIS = YES;
				CLANG_WARN_STRICT_PROTOTYPES = YES;
				CLANG_WARN_SUSPICIOUS_MOVE = YES;
				CLANG_WARN_UNGUARDED_AVAILABILITY = YES_AGGRESSIVE;
				CLANG_WARN_UNREACHABLE_CODE = YES;
				CLANG_WARN__DUPLICATE_METHOD_MATCH = YES;
				COPY_PHASE_STRIP = NO;
				DEBUG_INFORMATION_FORMAT = "dwarf-with-dsym";
				ENABLE_NS_ASSERTIONS = NO;
				ENABLE_STRICT_OBJC_MSGSEND = YES;
				GCC_C_LANGUAGE_STANDARD = gnu11;
				GCC_NO_COMMON_BLOCKS = YES;
				GCC_WARN_64_TO_32_BIT_CONVERSION = YES;
				GCC_WARN_ABOUT_RETURN_TYPE = YES_ERROR;
				GCC_WARN_UNDECLARED_SELECTOR = YES;
				GCC_WARN_UNINITIALIZED_AUTOS = YES_AGGRESSIVE;
				GCC_WARN_UNUSED_FUNCTION = YES;
				GCC_WARN_UNUSED_VARIABLE = YES;
				IPHONEOS_DEPLOYMENT_TARGET = 13.2;
				MTL_ENABLE_DEBUG_INFO = NO;
				MTL_FAST_MATH = YES;
				SDKROOT = iphoneos;
				SWIFT_COMPILATION_MODE = wholemodule;
				SWIFT_OPTIMIZATION_LEVEL = "-O";
				VALIDATE_PRODUCT = YES;
			};
			name = Release;
		};
		2B35919625233203006848F2 /* Debug */ = {
			isa = XCBuildConfiguration;
			buildSettings = {
				ASSETCATALOG_COMPILER_APPICON_NAME = AppIcon;
				CODE_SIGN_STYLE = Automatic;
				DEVELOPMENT_TEAM = 36B2GZZ9DF;
				INFOPLIST_FILE = CultureTrip/Info.plist;
				LD_RUNPATH_SEARCH_PATHS = (
					"$(inherited)",
					"@executable_path/Frameworks",
				);
				PRODUCT_BUNDLE_IDENTIFIER = com.Crow.Crow.CultureTrip;
				PRODUCT_NAME = "$(TARGET_NAME)";
				SWIFT_VERSION = 5.0;
				TARGETED_DEVICE_FAMILY = "1,2";
			};
			name = Debug;
		};
		2B35919725233203006848F2 /* Release */ = {
			isa = XCBuildConfiguration;
			buildSettings = {
				ASSETCATALOG_COMPILER_APPICON_NAME = AppIcon;
				CODE_SIGN_STYLE = Automatic;
				DEVELOPMENT_TEAM = 36B2GZZ9DF;
				INFOPLIST_FILE = CultureTrip/Info.plist;
				LD_RUNPATH_SEARCH_PATHS = (
					"$(inherited)",
					"@executable_path/Frameworks",
				);
				PRODUCT_BUNDLE_IDENTIFIER = com.Crow.Crow.CultureTrip;
				PRODUCT_NAME = "$(TARGET_NAME)";
				SWIFT_VERSION = 5.0;
				TARGETED_DEVICE_FAMILY = "1,2";
			};
			name = Release;
		};
		2B9E67F22525C26500A2FBF1 /* Debug */ = {
			isa = XCBuildConfiguration;
			buildSettings = {
				BUNDLE_LOADER = "$(TEST_HOST)";
				CODE_SIGN_STYLE = Automatic;
				DEVELOPMENT_TEAM = 36B2GZZ9DF;
				INFOPLIST_FILE = CultureTripTests/Info.plist;
				LD_RUNPATH_SEARCH_PATHS = (
					"$(inherited)",
					"@executable_path/Frameworks",
					"@loader_path/Frameworks",
				);
				PRODUCT_BUNDLE_IDENTIFIER = com.Crow.Crow.CultureTripTests;
				PRODUCT_NAME = "$(TARGET_NAME)";
				SWIFT_VERSION = 5.0;
				TARGETED_DEVICE_FAMILY = "1,2";
				TEST_HOST = "$(BUILT_PRODUCTS_DIR)/CultureTrip.app/CultureTrip";
			};
			name = Debug;
		};
		2B9E67F32525C26500A2FBF1 /* Release */ = {
			isa = XCBuildConfiguration;
			buildSettings = {
				BUNDLE_LOADER = "$(TEST_HOST)";
				CODE_SIGN_STYLE = Automatic;
				DEVELOPMENT_TEAM = 36B2GZZ9DF;
				INFOPLIST_FILE = CultureTripTests/Info.plist;
				LD_RUNPATH_SEARCH_PATHS = (
					"$(inherited)",
					"@executable_path/Frameworks",
					"@loader_path/Frameworks",
				);
				PRODUCT_BUNDLE_IDENTIFIER = com.Crow.Crow.CultureTripTests;
				PRODUCT_NAME = "$(TARGET_NAME)";
				SWIFT_VERSION = 5.0;
				TARGETED_DEVICE_FAMILY = "1,2";
				TEST_HOST = "$(BUILT_PRODUCTS_DIR)/CultureTrip.app/CultureTrip";
			};
			name = Release;
		};
/* End XCBuildConfiguration section */

/* Begin XCConfigurationList section */
		2B35916625233202006848F2 /* Build configuration list for PBXProject "CultureTrip" */ = {
			isa = XCConfigurationList;
			buildConfigurations = (
				2B35919325233203006848F2 /* Debug */,
				2B35919425233203006848F2 /* Release */,
			);
			defaultConfigurationIsVisible = 0;
			defaultConfigurationName = Release;
		};
		2B35919525233203006848F2 /* Build configuration list for PBXNativeTarget "CultureTrip" */ = {
			isa = XCConfigurationList;
			buildConfigurations = (
				2B35919625233203006848F2 /* Debug */,
				2B35919725233203006848F2 /* Release */,
			);
			defaultConfigurationIsVisible = 0;
			defaultConfigurationName = Release;
		};
		2B9E67F12525C26500A2FBF1 /* Build configuration list for PBXNativeTarget "CultureTripTests" */ = {
			isa = XCConfigurationList;
			buildConfigurations = (
				2B9E67F22525C26500A2FBF1 /* Debug */,
				2B9E67F32525C26500A2FBF1 /* Release */,
			);
			defaultConfigurationIsVisible = 0;
			defaultConfigurationName = Release;
		};
/* End XCConfigurationList section */
	};
	rootObject = 2B35916325233202006848F2 /* Project object */;
}
